
Microsoft Visual Studio Solution File, Format Version 12.00
# Visual Studio 15
Project("{FAE04EC0-301F-11D3-BF4B-00C04F79EFBC}") = "Spontanean", "Spontanean\Spontanean.csproj", "{B4DD9F0C-12D4-4308-8CB3-6A366E463EFB}"
EndProject
Global
	GlobalSection(SolutionConfigurationPlatforms) = preSolution
		Debug|Any CPU = Debug|Any CPU
		Release|Any CPU = Release|Any CPU
	EndGlobalSection
	GlobalSection(ProjectConfigurationPlatforms) = postSolution
		{B4DD9F0C-12D4-4308-8CB3-6A366E463EFB}.Debug|Any CPU.ActiveCfg = Debug|Any CPU
		{B4DD9F0C-12D4-4308-8CB3-6A366E463EFB}.Debug|Any CPU.Build.0 = Debug|Any CPU
		{B4DD9F0C-12D4-4308-8CB3-6A366E463EFB}.Release|Any CPU.ActiveCfg = Release|Any CPU
		{B4DD9F0C-12D4-4308-8CB3-6A366E463EFB}.Release|Any CPU.Build.0 = Release|Any CPU
	EndGlobalSection
EndGlobal
